
Microsoft Visual Studio Solution File, Format Version 12.00
# Visual Studio 15
VisualStudioVersion = 15.0.28307.572
MinimumVisualStudioVersion = 10.0.40219.1
Project("{9A19103F-16F7-4668-BE54-9A1E7A4F7556}") = "SecretCollect.EntityFramework", "src\SecretCollect.EntityFramework\SecretCollect.EntityFramework.csproj", "{B66ECFF3-0940-4031-A0F7-CA89A56BC2AB}"
EndProject
Project("{2150E333-8FDC-42A3-9474-1A3956D46DE8}") = "src", "src", "{B7037588-99EC-411C-836A-CB9D76F748EB}"
EndProject
Global
	GlobalSection(SolutionConfigurationPlatforms) = preSolution
		Debug|Any CPU = Debug|Any CPU
		Release|Any CPU = Release|Any CPU
	EndGlobalSection
	GlobalSection(ProjectConfigurationPlatforms) = postSolution
		{B66ECFF3-0940-4031-A0F7-CA89A56BC2AB}.Debug|Any CPU.ActiveCfg = Debug|Any CPU
		{B66ECFF3-0940-4031-A0F7-CA89A56BC2AB}.Debug|Any CPU.Build.0 = Debug|Any CPU
		{B66ECFF3-0940-4031-A0F7-CA89A56BC2AB}.Release|Any CPU.ActiveCfg = Release|Any CPU
		{B66ECFF3-0940-4031-A0F7-CA89A56BC2AB}.Release|Any CPU.Build.0 = Release|Any CPU
	EndGlobalSection
	GlobalSection(SolutionProperties) = preSolution
		HideSolutionNode = FALSE
	EndGlobalSection
	GlobalSection(NestedProjects) = preSolution
		{B66ECFF3-0940-4031-A0F7-CA89A56BC2AB} = {B7037588-99EC-411C-836A-CB9D76F748EB}
	EndGlobalSection
	GlobalSection(ExtensibilityGlobals) = postSolution
		SolutionGuid = {282D5259-6A05-42BE-A06A-0A1F4CFC7729}
	EndGlobalSection
EndGlobal
